
Microsoft Visual Studio Solution File, Format Version 12.00
# Visual Studio Version 17
VisualStudioVersion = 17.0.31919.166
MinimumVisualStudioVersion = 10.0.40219.1
Project("{9A19103F-16F7-4668-BE54-9A1E7A4F7556}") = "zo_organized.ItemSingular.Domain", "zo_organized.ItemSingular.Domain.csproj", "{6F6C3F21-1E58-483E-9609-A2C6215B4837}"
EndProject
Global
	GlobalSection(SolutionConfigurationPlatforms) = preSolution
		Debug|Any CPU = Debug|Any CPU
		Release|Any CPU = Release|Any CPU
	EndGlobalSection
	GlobalSection(ProjectConfigurationPlatforms) = postSolution
		{6F6C3F21-1E58-483E-9609-A2C6215B4837}.Debug|Any CPU.ActiveCfg = Debug|Any CPU
		{6F6C3F21-1E58-483E-9609-A2C6215B4837}.Debug|Any CPU.Build.0 = Debug|Any CPU
		{6F6C3F21-1E58-483E-9609-A2C6215B4837}.Release|Any CPU.ActiveCfg = Release|Any CPU
		{6F6C3F21-1E58-483E-9609-A2C6215B4837}.Release|Any CPU.Build.0 = Release|Any CPU
	EndGlobalSection
	GlobalSection(SolutionProperties) = preSolution
		HideSolutionNode = FALSE
	EndGlobalSection
	GlobalSection(ExtensibilityGlobals) = postSolution
		SolutionGuid = {F1D60C0B-448F-4E8D-9E74-6B48832C6210}
	EndGlobalSection
EndGlobal
